hash: c60b67eca51103cfd0d10f7abf9a251c335006a2d3b764c43e60ccd68ec41014
updated: 2017-02-09T19:22:11.319182925+08:00
imports:
- name: github.com/docker/docker
  version: a8a31eff10544860d2188dddabdee4d727545796
  subpackages:
  - pkg/term
- name: github.com/docker/machine
  version: f694032b45cd9bc5a7b3811ab6564d08ed0c896e
  subpackages:
  - libmachine/drivers
  - libmachine/drivers/plugin
  - libmachine/drivers/plugin/localbinary
  - libmachine/drivers/rpc
  - libmachine/log
  - libmachine/mcnflag
  - libmachine/mcnutils
  - libmachine/ssh
  - libmachine/state
  - libmachine/version
  - version
- name: github.com/miaowing/docker-machine-driver-ksyun
  version: 942e1e58086f3fdf7cae28cca58b321100aa1229
  subpackages:
  - src/ksyunkec
- name: golang.org/x/crypto
  version: beef0f4390813b96e8e68fd78570396d0f4751fc
  subpackages:
  - curve25519
  - ssh
  - ssh/terminal
testImports: []
